{
  "nodes": {
    "fenix": {
      "inputs": {
        "nixpkgs": [
          "nixpkgs"
        ],
        "rust-analyzer-src": "rust-analyzer-src"
      },
      "locked": {
        "lastModified": 1735367591,
        "narHash": "sha256-a5EMHpDAxLShxBKUdDVmqZMlfiuOtOUzet2xT/E/RiM=",
        "owner": "nix-community",
        "repo": "fenix",
        "rev": "3743208cafd7bc3c150f0c77c25ef7430e9c0de2",
        "type": "github"
      },
      "original": {
        "owner": "nix-community",
        "repo": "fenix",
        "type": "github"
      }
    },
    "nixpkgs": {
      "locked": {
        "lastModified": 1735411623,
        "narHash": "sha256-0cqsdrWDSlBPbIaG+CopFEqYw+jJAsx+lOWKmObWJwo=",
        "owner": "NixOS",
        "repo": "nixpkgs",
        "rev": "3fcd78e32e950184312504ff913b7276999346d2",
        "type": "github"
      },
      "original": {
        "owner": "NixOS",
        "ref": "release-24.11",
        "repo": "nixpkgs",
        "type": "github"
      }
    },
    "root": {
      "inputs": {
        "fenix": "fenix",
        "nixpkgs": "nixpkgs"
      }
    },
    "rust-analyzer-src": {
      "flake": false,
      "locked": {
        "lastModified": 1735338518,
        "narHash": "sha256-Cdotb7yLgRBVTkhIF6XEtC9ui62X+sO7251YcDXour0=",
        "owner": "rust-lang",
        "repo": "rust-analyzer",
        "rev": "d3bb15ecec7c1386767c45776fab497e8a22a30f",
        "type": "github"
      },
      "original": {
        "owner": "rust-lang",
        "ref": "nightly",
        "repo": "rust-analyzer",
        "type": "github"
      }
    }
  },
  "root": "root",
  "version": 7
}
